
Microsoft Visual Studio Solution File, Format Version 12.00
# Visual Studio Version 16
VisualStudioVersion = 16.0.31402.337
MinimumVisualStudioVersion = 10.0.40219.1
Project("{2150E333-8FDC-42A3-9474-1A3956D46DE8}") = "src", "src", "{68184C93-00F9-4AA8-9CAC-8211BBF45336}"
EndProject
Project("{2150E333-8FDC-42A3-9474-1A3956D46DE8}") = "test", "test", "{D0405443-0BA2-48F1-BCB4-6663F2902DED}"
EndProject
Project("{2150E333-8FDC-42A3-9474-1A3956D46DE8}") = "API", "API", "{690FD8B1-2F57-4162-AFCD-A1DB8C54189B}"
EndProject
Project("{2150E333-8FDC-42A3-9474-1A3956D46DE8}") = "Core", "Core", "{3191D6B5-D39D-4567-B679-3F018DF69B9D}"
EndProject
Project("{2150E333-8FDC-42A3-9474-1A3956D46DE8}") = "UI", "UI", "{C4F44F7B-1219-4A9A-8DDC-33BB0CF62B3B}"
EndProject
Project("{2150E333-8FDC-42A3-9474-1A3956D46DE8}") = "Infrastructure", "Infrastructure", "{814FEEAE-3A1D-4AAB-A8E4-E7A88CD4817E}"
EndProject
Project("{9A19103F-16F7-4668-BE54-9A1E7A4F7556}") = "GloboTicket.TicketManagement.Domain", "GloboTicket.TicketManagement.Domain\GloboTicket.TicketManagement.Domain.csproj", "{30585950-8EEF-4A3C-BC9B-6ADC63236407}"
EndProject
Project("{9A19103F-16F7-4668-BE54-9A1E7A4F7556}") = "GloboTicket.TicketManagement.Application", "GloboTicket.TicketManagement.Application\GloboTicket.TicketManagement.Application.csproj", "{38DF020C-61E1-4DC4-B56F-AFA5B4076F14}"
EndProject
Project("{9A19103F-16F7-4668-BE54-9A1E7A4F7556}") = "GloboTicket.TicketManagement.Persistence", "GloboTicket.TicketManagement.Persistence\GloboTicket.TicketManagement.Persistence.csproj", "{9AE7CB80-9B1F-4C54-AC37-BE56EB898736}"
EndProject
Project("{9A19103F-16F7-4668-BE54-9A1E7A4F7556}") = "GloboTicket.TicketManagment.Infrastructure", "GloboTicket.TicketManagment.Infrastructure\GloboTicket.TicketManagment.Infrastructure.csproj", "{D8DB4C99-197C-402A-B7DD-3DC385D8387B}"
EndProject
Project("{9A19103F-16F7-4668-BE54-9A1E7A4F7556}") = "GloboTicket.TicketManagement.Api", "GloboTicket.TicketManagement.Api\GloboTicket.TicketManagement.Api.csproj", "{FDF2DD8C-5C77-43DD-9CFE-5FA436B4EEF5}"
EndProject
Project("{9A19103F-16F7-4668-BE54-9A1E7A4F7556}") = "GloboTicket.TicketManagement.Application.UnitTests", "GloboTicket.TicketManagement.Application.UnitTests\GloboTicket.TicketManagement.Application.UnitTests.csproj", "{C97D9405-D577-4776-871B-0DD330EC2145}"
EndProject
Project("{9A19103F-16F7-4668-BE54-9A1E7A4F7556}") = "GloboTicket.TicketManagement.API.IntegrationTests", "GloboTicket.TicketManagement.API.IntegrationTests\GloboTicket.TicketManagement.API.IntegrationTests.csproj", "{C9EF7185-0120-463C-877D-CC9C4BFB77B8}"
EndProject
Project("{9A19103F-16F7-4668-BE54-9A1E7A4F7556}") = "GloboTicket.TicketManagement.Persistence.IntegrationTests", "GloboTicket.TicketManagement.Persistence.IntegrationTests\GloboTicket.TicketManagement.Persistence.IntegrationTests.csproj", "{A6993FC1-5750-4B50-98A1-6D407D281198}"
EndProject
Project("{9A19103F-16F7-4668-BE54-9A1E7A4F7556}") = "GloboTicket.TicketManagement.App", "GloboTicket.TicketManagement.App\GloboTicket.TicketManagement.App.csproj", "{AAD907AD-30CD-4F7D-8256-C24961E4EE55}"
EndProject
Global
	GlobalSection(SolutionConfigurationPlatforms) = preSolution
		Debug|Any CPU = Debug|Any CPU
		Release|Any CPU = Release|Any CPU
	EndGlobalSection
	GlobalSection(ProjectConfigurationPlatforms) = postSolution
		{30585950-8EEF-4A3C-BC9B-6ADC63236407}.Debug|Any CPU.ActiveCfg = Debug|Any CPU
		{30585950-8EEF-4A3C-BC9B-6ADC63236407}.Debug|Any CPU.Build.0 = Debug|Any CPU
		{30585950-8EEF-4A3C-BC9B-6ADC63236407}.Release|Any CPU.ActiveCfg = Release|Any CPU
		{30585950-8EEF-4A3C-BC9B-6ADC63236407}.Release|Any CPU.Build.0 = Release|Any CPU
		{38DF020C-61E1-4DC4-B56F-AFA5B4076F14}.Debug|Any CPU.ActiveCfg = Debug|Any CPU
		{38DF020C-61E1-4DC4-B56F-AFA5B4076F14}.Debug|Any CPU.Build.0 = Debug|Any CPU
		{38DF020C-61E1-4DC4-B56F-AFA5B4076F14}.Release|Any CPU.ActiveCfg = Release|Any CPU
		{38DF020C-61E1-4DC4-B56F-AFA5B4076F14}.Release|Any CPU.Build.0 = Release|Any CPU
		{9AE7CB80-9B1F-4C54-AC37-BE56EB898736}.Debug|Any CPU.ActiveCfg = Debug|Any CPU
		{9AE7CB80-9B1F-4C54-AC37-BE56EB898736}.Debug|Any CPU.Build.0 = Debug|Any CPU
		{9AE7CB80-9B1F-4C54-AC37-BE56EB898736}.Release|Any CPU.ActiveCfg = Release|Any CPU
		{9AE7CB80-9B1F-4C54-AC37-BE56EB898736}.Release|Any CPU.Build.0 = Release|Any CPU
		{D8DB4C99-197C-402A-B7DD-3DC385D8387B}.Debug|Any CPU.ActiveCfg = Debug|Any CPU
		{D8DB4C99-197C-402A-B7DD-3DC385D8387B}.Debug|Any CPU.Build.0 = Debug|Any CPU
		{D8DB4C99-197C-402A-B7DD-3DC385D8387B}.Release|Any CPU.ActiveCfg = Release|Any CPU
		{D8DB4C99-197C-402A-B7DD-3DC385D8387B}.Release|Any CPU.Build.0 = Release|Any CPU
		{FDF2DD8C-5C77-43DD-9CFE-5FA436B4EEF5}.Debug|Any CPU.ActiveCfg = Debug|Any CPU
		{FDF2DD8C-5C77-43DD-9CFE-5FA436B4EEF5}.Debug|Any CPU.Build.0 = Debug|Any CPU
		{FDF2DD8C-5C77-43DD-9CFE-5FA436B4EEF5}.Release|Any CPU.ActiveCfg = Release|Any CPU
		{FDF2DD8C-5C77-43DD-9CFE-5FA436B4EEF5}.Release|Any CPU.Build.0 = Release|Any CPU
		{C97D9405-D577-4776-871B-0DD330EC2145}.Debug|Any CPU.ActiveCfg = Debug|Any CPU
		{C97D9405-D577-4776-871B-0DD330EC2145}.Debug|Any CPU.Build.0 = Debug|Any CPU
		{C97D9405-D577-4776-871B-0DD330EC2145}.Release|Any CPU.ActiveCfg = Release|Any CPU
		{C97D9405-D577-4776-871B-0DD330EC2145}.Release|Any CPU.Build.0 = Release|Any CPU
		{C9EF7185-0120-463C-877D-CC9C4BFB77B8}.Debug|Any CPU.ActiveCfg = Debug|Any CPU
		{C9EF7185-0120-463C-877D-CC9C4BFB77B8}.Debug|Any CPU.Build.0 = Debug|Any CPU
		{C9EF7185-0120-463C-877D-CC9C4BFB77B8}.Release|Any CPU.ActiveCfg = Release|Any CPU
		{C9EF7185-0120-463C-877D-CC9C4BFB77B8}.Release|Any CPU.Build.0 = Release|Any CPU
		{A6993FC1-5750-4B50-98A1-6D407D281198}.Debug|Any CPU.ActiveCfg = Debug|Any CPU
		{A6993FC1-5750-4B50-98A1-6D407D281198}.Debug|Any CPU.Build.0 = Debug|Any CPU
		{A6993FC1-5750-4B50-98A1-6D407D281198}.Release|Any CPU.ActiveCfg = Release|Any CPU
		{A6993FC1-5750-4B50-98A1-6D407D281198}.Release|Any CPU.Build.0 = Release|Any CPU
		{AAD907AD-30CD-4F7D-8256-C24961E4EE55}.Debug|Any CPU.ActiveCfg = Debug|Any CPU
		{AAD907AD-30CD-4F7D-8256-C24961E4EE55}.Debug|Any CPU.Build.0 = Debug|Any CPU
		{AAD907AD-30CD-4F7D-8256-C24961E4EE55}.Release|Any CPU.ActiveCfg = Release|Any CPU
		{AAD907AD-30CD-4F7D-8256-C24961E4EE55}.Release|Any CPU.Build.0 = Release|Any CPU
	EndGlobalSection
	GlobalSection(SolutionProperties) = preSolution
		HideSolutionNode = FALSE
	EndGlobalSection
	GlobalSection(NestedProjects) = preSolution
		{690FD8B1-2F57-4162-AFCD-A1DB8C54189B} = {68184C93-00F9-4AA8-9CAC-8211BBF45336}
		{3191D6B5-D39D-4567-B679-3F018DF69B9D} = {68184C93-00F9-4AA8-9CAC-8211BBF45336}
		{C4F44F7B-1219-4A9A-8DDC-33BB0CF62B3B} = {68184C93-00F9-4AA8-9CAC-8211BBF45336}
		{814FEEAE-3A1D-4AAB-A8E4-E7A88CD4817E} = {68184C93-00F9-4AA8-9CAC-8211BBF45336}
		{30585950-8EEF-4A3C-BC9B-6ADC63236407} = {3191D6B5-D39D-4567-B679-3F018DF69B9D}
		{38DF020C-61E1-4DC4-B56F-AFA5B4076F14} = {3191D6B5-D39D-4567-B679-3F018DF69B9D}
		{9AE7CB80-9B1F-4C54-AC37-BE56EB898736} = {814FEEAE-3A1D-4AAB-A8E4-E7A88CD4817E}
		{D8DB4C99-197C-402A-B7DD-3DC385D8387B} = {814FEEAE-3A1D-4AAB-A8E4-E7A88CD4817E}
		{FDF2DD8C-5C77-43DD-9CFE-5FA436B4EEF5} = {690FD8B1-2F57-4162-AFCD-A1DB8C54189B}
		{C97D9405-D577-4776-871B-0DD330EC2145} = {D0405443-0BA2-48F1-BCB4-6663F2902DED}
		{C9EF7185-0120-463C-877D-CC9C4BFB77B8} = {D0405443-0BA2-48F1-BCB4-6663F2902DED}
		{A6993FC1-5750-4B50-98A1-6D407D281198} = {D0405443-0BA2-48F1-BCB4-6663F2902DED}
		{AAD907AD-30CD-4F7D-8256-C24961E4EE55} = {C4F44F7B-1219-4A9A-8DDC-33BB0CF62B3B}
	EndGlobalSection
	GlobalSection(ExtensibilityGlobals) = postSolution
		SolutionGuid = {F6AE0E69-C8FE-493A-A56F-422D79BBA1FA}
	EndGlobalSection
EndGlobal
